// !$*UTF8*$!
{
	archiveVersion = 1;
	classes = {
	};
	objectVersion = 77;
	objects = {

/* Begin PBXBuildFile section */
		985137662C9C1F870061BA7E /* WidgetKit.framework in Frameworks */ = {isa = PBXBuildFile; fileRef = 987057442C97A77F00A30D8E /* WidgetKit.framework */; };
		985137672C9C1F870061BA7E /* SwiftUI.framework in Frameworks */ = {isa = PBXBuildFile; fileRef = 987057462C97A77F00A30D8E /* SwiftUI.framework */; };
		985137762C9C1F880061BA7E /* InteractiveWidgetExtension.appex in Embed Foundation Extensions */ = {isa = PBXBuildFile; fileRef = 985137652C9C1F870061BA7E /* InteractiveWidgetExtension.appex */; settings = {ATTRIBUTES = (RemoveHeadersOnCopy, ); }; };
		987057AD2C97C6EB00A30D8E /* WidgetKit.framework in Frameworks */ = {isa = PBXBuildFile; fileRef = 987057442C97A77F00A30D8E /* WidgetKit.framework */; };
		987057AE2C97C6EB00A30D8E /* SwiftUI.framework in Frameworks */ = {isa = PBXBuildFile; fileRef = 987057462C97A77F00A30D8E /* SwiftUI.framework */; };
		987057BB2C97C6EC00A30D8E /* SFStaticWidgetExtension.appex in Embed Foundation Extensions */ = {isa = PBXBuildFile; fileRef = 987057AC2C97C6EB00A30D8E /* SFStaticWidgetExtension.appex */; settings = {ATTRIBUTES = (RemoveHeadersOnCopy, ); }; };
		987057FA2C98157800A30D8E /* .gitignore in Resources */ = {isa = PBXBuildFile; fileRef = 987057F92C98157800A30D8E /* .gitignore */; };
		987057FB2C98157800A30D8E /* .gitignore in Resources */ = {isa = PBXBuildFile; fileRef = 987057F92C98157800A30D8E /* .gitignore */; };
		987057FD2C98158100A30D8E /* README.md in Resources */ = {isa = PBXBuildFile; fileRef = 987057FC2C98158100A30D8E /* README.md */; };
		987057FE2C98158100A30D8E /* README.md in Resources */ = {isa = PBXBuildFile; fileRef = 987057FC2C98158100A30D8E /* README.md */; };
		9870583B2C996C5E00A30D8E /* WidgetKit.framework in Frameworks */ = {isa = PBXBuildFile; fileRef = 987057442C97A77F00A30D8E /* WidgetKit.framework */; };
		9870583C2C996C5E00A30D8E /* SwiftUI.framework in Frameworks */ = {isa = PBXBuildFile; fileRef = 987057462C97A77F00A30D8E /* SwiftUI.framework */; };
		987058472C996C6000A30D8E /* DeepLinkWidgetExtension.appex in Embed Foundation Extensions */ = {isa = PBXBuildFile; fileRef = 9870583A2C996C5E00A30D8E /* DeepLinkWidgetExtension.appex */; settings = {ATTRIBUTES = (RemoveHeadersOnCopy, ); }; };
/* End PBXBuildFile section */

/* Begin PBXContainerItemProxy section */
		985137742C9C1F880061BA7E /* PBXContainerItemProxy */ = {
			isa = PBXContainerItemProxy;
			containerPortal = 987057222C97A5E700A30D8E /* Project object */;
			proxyType = 1;
			remoteGlobalIDString = 985137642C9C1F870061BA7E;
			remoteInfo = InteractiveWidgetExtension;
		};
		987057B92C97C6EC00A30D8E /* PBXContainerItemProxy */ = {
			isa = PBXContainerItemProxy;
			containerPortal = 987057222C97A5E700A30D8E /* Project object */;
			proxyType = 1;
			remoteGlobalIDString = 987057AB2C97C6EB00A30D8E;
			remoteInfo = SFStaticWidgetExtension;
		};
		987058452C996C6000A30D8E /* PBXContainerItemProxy */ = {
			isa = PBXContainerItemProxy;
			containerPortal = 987057222C97A5E700A30D8E /* Project object */;
			proxyType = 1;
			remoteGlobalIDString = 987058392C996C5E00A30D8E;
			remoteInfo = DeepLinkWidgetExtension;
		};
/* End PBXContainerItemProxy section */

/* Begin PBXCopyFilesBuildPhase section */
		987057592C97A78000A30D8E /* Embed Foundation Extensions */ = {
			isa = PBXCopyFilesBuildPhase;
			buildActionMask = 2147483647;
			dstPath = "";
			dstSubfolderSpec = 13;
			files = (
				985137762C9C1F880061BA7E /* InteractiveWidgetExtension.appex in Embed Foundation Extensions */,
				987057BB2C97C6EC00A30D8E /* SFStaticWidgetExtension.appex in Embed Foundation Extensions */,
				987058472C996C6000A30D8E /* DeepLinkWidgetExtension.appex in Embed Foundation Extensions */,
			);
			name = "Embed Foundation Extensions";
			runOnlyForDeploymentPostprocessing = 0;
		};
/* End PBXCopyFilesBuildPhase section */

/* Begin PBXFileReference section */
		985137652C9C1F870061BA7E /* InteractiveWidgetExtension.appex */ = {isa = PBXFileReference; explicitFileType = "wrapper.app-extension"; includeInIndex = 0; path = InteractiveWidgetExtension.appex; sourceTree = BUILT_PRODUCTS_DIR; };
		985138C62C9E4CBC0061BA7E /* InteractiveWidgetExtension.entitlements */ = {isa = PBXFileReference; lastKnownFileType = text.plist.entitlements; path = InteractiveWidgetExtension.entitlements; sourceTree = "<group>"; };
		9851398A2C9E7AFA0061BA7E /* SFStaticWidgetExtension.entitlements */ = {isa = PBXFileReference; lastKnownFileType = text.plist.entitlements; path = SFStaticWidgetExtension.entitlements; sourceTree = "<group>"; };
		9851398B2C9E7B0E0061BA7E /* DeepLinkWidgetExtension.entitlements */ = {isa = PBXFileReference; lastKnownFileType = text.plist.entitlements; path = DeepLinkWidgetExtension.entitlements; sourceTree = "<group>"; };
		9870572A2C97A5E700A30D8E /* WidgetDemo.app */ = {isa = PBXFileReference; explicitFileType = wrapper.application; includeInIndex = 0; path = WidgetDemo.app; sourceTree = BUILT_PRODUCTS_DIR; };
		987057442C97A77F00A30D8E /* WidgetKit.framework */ = {isa = PBXFileReference; lastKnownFileType = wrapper.framework; name = WidgetKit.framework; path = System/Library/Frameworks/WidgetKit.framework; sourceTree = SDKROOT; };
		987057462C97A77F00A30D8E /* SwiftUI.framework */ = {isa = PBXFileReference; lastKnownFileType = wrapper.framework; name = SwiftUI.framework; path = System/Library/Frameworks/SwiftUI.framework; sourceTree = SDKROOT; };
		987057AC2C97C6EB00A30D8E /* SFStaticWidgetExtension.appex */ = {isa = PBXFileReference; explicitFileType = "wrapper.app-extension"; includeInIndex = 0; path = SFStaticWidgetExtension.appex; sourceTree = BUILT_PRODUCTS_DIR; };
		987057F92C98157800A30D8E /* .gitignore */ = {isa = PBXFileReference; lastKnownFileType = text; path = .gitignore; sourceTree = "<group>"; };
		987057FC2C98158100A30D8E /* README.md */ = {isa = PBXFileReference; lastKnownFileType = net.daringfireball.markdown; path = README.md; sourceTree = "<group>"; };
		9870583A2C996C5E00A30D8E /* DeepLinkWidgetExtension.appex */ = {isa = PBXFileReference; explicitFileType = "wrapper.app-extension"; includeInIndex = 0; path = DeepLinkWidgetExtension.appex; sourceTree = BUILT_PRODUCTS_DIR; };
/* End PBXFileReference section */

/* Begin PBXFileSystemSynchronizedBuildFileExceptionSet section */
		985137772C9C1F880061BA7E /* Exceptions for "InteractiveWidget" folder in "InteractiveWidgetExtension" target */ = {
			isa = PBXFileSystemSynchronizedBuildFileExceptionSet;
			membershipExceptions = (
				Info.plist,
			);
			target = 985137642C9C1F870061BA7E /* InteractiveWidgetExtension */;
		};
		987057BC2C97C6EC00A30D8E /* Exceptions for "SFStaticWidget" folder in "SFStaticWidgetExtension" target */ = {
			isa = PBXFileSystemSynchronizedBuildFileExceptionSet;
			membershipExceptions = (
				Info.plist,
			);
			target = 987057AB2C97C6EB00A30D8E /* SFStaticWidgetExtension */;
		};
		9870584A2C996C6000A30D8E /* Exceptions for "DeepLinkWidget" folder in "DeepLinkWidgetExtension" target */ = {
			isa = PBXFileSystemSynchronizedBuildFileExceptionSet;
			membershipExceptions = (
				Info.plist,
			);
			target = 987058392C996C5E00A30D8E /* DeepLinkWidgetExtension */;
		};
/* End PBXFileSystemSynchronizedBuildFileExceptionSet section */

/* Begin PBXFileSystemSynchronizedRootGroup section */
		9851368B2C9AB4980061BA7E /* ReadmeAsset */ = {
			isa = PBXFileSystemSynchronizedRootGroup;
			path = ReadmeAsset;
			sourceTree = "<group>";
		};
		985137682C9C1F870061BA7E /* InteractiveWidget */ = {
			isa = PBXFileSystemSynchronizedRootGroup;
			exceptions = (
				985137772C9C1F880061BA7E /* Exceptions for "InteractiveWidget" folder in "InteractiveWidgetExtension" target */,
			);
			path = InteractiveWidget;
			sourceTree = "<group>";
		};
		9870572C2C97A5E700A30D8E /* WidgetDemo */ = {
			isa = PBXFileSystemSynchronizedRootGroup;
			path = WidgetDemo;
			sourceTree = "<group>";
		};
		987057AF2C97C6EB00A30D8E /* SFStaticWidget */ = {
			isa = PBXFileSystemSynchronizedRootGroup;
			exceptions = (
				987057BC2C97C6EC00A30D8E /* Exceptions for "SFStaticWidget" folder in "SFStaticWidgetExtension" target */,
			);
			path = SFStaticWidget;
			sourceTree = "<group>";
		};
		9870583D2C996C5E00A30D8E /* DeepLinkWidget */ = {
			isa = PBXFileSystemSynchronizedRootGroup;
			exceptions = (
				9870584A2C996C6000A30D8E /* Exceptions for "DeepLinkWidget" folder in "DeepLinkWidgetExtension" target */,
			);
			path = DeepLinkWidget;
			sourceTree = "<group>";
		};
		9870587C2C997D0C00A30D8E /* Shared */ = {
			isa = PBXFileSystemSynchronizedRootGroup;
			path = Shared;
			sourceTree = "<group>";
		};
/* End PBXFileSystemSynchronizedRootGroup section */

/* Begin PBXFrameworksBuildPhase section */
		985137622C9C1F870061BA7E /* Frameworks */ = {
			isa = PBXFrameworksBuildPhase;
			buildActionMask = 2147483647;
			files = (
				985137672C9C1F870061BA7E /* SwiftUI.framework in Frameworks */,
				985137662C9C1F870061BA7E /* WidgetKit.framework in Frameworks */,
			);
			runOnlyForDeploymentPostprocessing = 0;
		};
		987057272C97A5E700A30D8E /* Frameworks */ = {
			isa = PBXFrameworksBuildPhase;
			buildActionMask = 2147483647;
			files = (
			);
			runOnlyForDeploymentPostprocessing = 0;
		};
		987057A92C97C6EB00A30D8E /* Frameworks */ = {
			isa = PBXFrameworksBuildPhase;
			buildActionMask = 2147483647;
			files = (
				987057AE2C97C6EB00A30D8E /* SwiftUI.framework in Frameworks */,
				987057AD2C97C6EB00A30D8E /* WidgetKit.framework in Frameworks */,
			);
			runOnlyForDeploymentPostprocessing = 0;
		};
		987058372C996C5E00A30D8E /* Frameworks */ = {
			isa = PBXFrameworksBuildPhase;
			buildActionMask = 2147483647;
			files = (
				9870583C2C996C5E00A30D8E /* SwiftUI.framework in Frameworks */,
				9870583B2C996C5E00A30D8E /* WidgetKit.framework in Frameworks */,
			);
			runOnlyForDeploymentPostprocessing = 0;
		};
/* End PBXFrameworksBuildPhase section */

/* Begin PBXGroup section */
		987057212C97A5E700A30D8E = {
			isa = PBXGroup;
			children = (
				9851398B2C9E7B0E0061BA7E /* DeepLinkWidgetExtension.entitlements */,
				9851398A2C9E7AFA0061BA7E /* SFStaticWidgetExtension.entitlements */,
				985138C62C9E4CBC0061BA7E /* InteractiveWidgetExtension.entitlements */,
				9851368B2C9AB4980061BA7E /* ReadmeAsset */,
				987057F92C98157800A30D8E /* .gitignore */,
				987057FC2C98158100A30D8E /* README.md */,
				9870587C2C997D0C00A30D8E /* Shared */,
				9870572C2C97A5E700A30D8E /* WidgetDemo */,
				987057AF2C97C6EB00A30D8E /* SFStaticWidget */,
				9870583D2C996C5E00A30D8E /* DeepLinkWidget */,
				985137682C9C1F870061BA7E /* InteractiveWidget */,
				987057432C97A77F00A30D8E /* Frameworks */,
				9870572B2C97A5E700A30D8E /* Products */,
			);
			sourceTree = "<group>";
		};
		9870572B2C97A5E700A30D8E /* Products */ = {
			isa = PBXGroup;
			children = (
				9870572A2C97A5E700A30D8E /* WidgetDemo.app */,
				987057AC2C97C6EB00A30D8E /* SFStaticWidgetExtension.appex */,
				9870583A2C996C5E00A30D8E /* DeepLinkWidgetExtension.appex */,
				985137652C9C1F870061BA7E /* InteractiveWidgetExtension.appex */,
			);
			name = Products;
			sourceTree = "<group>";
		};
		987057432C97A77F00A30D8E /* Frameworks */ = {
			isa = PBXGroup;
			children = (
				987057442C97A77F00A30D8E /* WidgetKit.framework */,
				987057462C97A77F00A30D8E /* SwiftUI.framework */,
			);
			name = Frameworks;
			sourceTree = "<group>";
		};
/* End PBXGroup section */

/* Begin PBXNativeTarget section */
		985137642C9C1F870061BA7E /* InteractiveWidgetExtension */ = {
			isa = PBXNativeTarget;
			buildConfigurationList = 985137782C9C1F880061BA7E /* Build configuration list for PBXNativeTarget "InteractiveWidgetExtension" */;
			buildPhases = (
				985137612C9C1F870061BA7E /* Sources */,
				985137622C9C1F870061BA7E /* Frameworks */,
				985137632C9C1F870061BA7E /* Resources */,
			);
			buildRules = (
			);
			dependencies = (
			);
			fileSystemSynchronizedGroups = (
				985137682C9C1F870061BA7E /* InteractiveWidget */,
				9870587C2C997D0C00A30D8E /* Shared */,
			);
			name = InteractiveWidgetExtension;
			packageProductDependencies = (
			);
			productName = InteractiveWidgetExtension;
			productReference = 985137652C9C1F870061BA7E /* InteractiveWidgetExtension.appex */;
			productType = "com.apple.product-type.app-extension";
		};
		987057292C97A5E700A30D8E /* WidgetDemo */ = {
			isa = PBXNativeTarget;
			buildConfigurationList = 987057382C97A5E800A30D8E /* Build configuration list for PBXNativeTarget "WidgetDemo" */;
			buildPhases = (
				987057262C97A5E700A30D8E /* Sources */,
				987057272C97A5E700A30D8E /* Frameworks */,
				987057282C97A5E700A30D8E /* Resources */,
				987057592C97A78000A30D8E /* Embed Foundation Extensions */,
			);
			buildRules = (
			);
			dependencies = (
				987057BA2C97C6EC00A30D8E /* PBXTargetDependency */,
				987058462C996C6000A30D8E /* PBXTargetDependency */,
				985137752C9C1F880061BA7E /* PBXTargetDependency */,
			);
			fileSystemSynchronizedGroups = (
				9870572C2C97A5E700A30D8E /* WidgetDemo */,
				9870587C2C997D0C00A30D8E /* Shared */,
			);
			name = WidgetDemo;
			packageProductDependencies = (
			);
			productName = WidgetDemo;
			productReference = 9870572A2C97A5E700A30D8E /* WidgetDemo.app */;
			productType = "com.apple.product-type.application";
		};
		987057AB2C97C6EB00A30D8E /* SFStaticWidgetExtension */ = {
			isa = PBXNativeTarget;
			buildConfigurationList = 987057BD2C97C6EC00A30D8E /* Build configuration list for PBXNativeTarget "SFStaticWidgetExtension" */;
			buildPhases = (
				987057A82C97C6EB00A30D8E /* Sources */,
				987057A92C97C6EB00A30D8E /* Frameworks */,
				987057AA2C97C6EB00A30D8E /* Resources */,
			);
			buildRules = (
			);
			dependencies = (
			);
			fileSystemSynchronizedGroups = (
				987057AF2C97C6EB00A30D8E /* SFStaticWidget */,
				9870587C2C997D0C00A30D8E /* Shared */,
			);
			name = SFStaticWidgetExtension;
			packageProductDependencies = (
			);
			productName = SFStaticWidgetExtension;
			productReference = 987057AC2C97C6EB00A30D8E /* SFStaticWidgetExtension.appex */;
			productType = "com.apple.product-type.app-extension";
		};
		987058392C996C5E00A30D8E /* DeepLinkWidgetExtension */ = {
			isa = PBXNativeTarget;
			buildConfigurationList = 9870584B2C996C6000A30D8E /* Build configuration list for PBXNativeTarget "DeepLinkWidgetExtension" */;
			buildPhases = (
				987058362C996C5E00A30D8E /* Sources */,
				987058372C996C5E00A30D8E /* Frameworks */,
				987058382C996C5E00A30D8E /* Resources */,
			);
			buildRules = (
			);
			dependencies = (
			);
			fileSystemSynchronizedGroups = (
				9870583D2C996C5E00A30D8E /* DeepLinkWidget */,
				9870587C2C997D0C00A30D8E /* Shared */,
			);
			name = DeepLinkWidgetExtension;
			packageProductDependencies = (
			);
			productName = DeepLinkWidgetExtension;
			productReference = 9870583A2C996C5E00A30D8E /* DeepLinkWidgetExtension.appex */;
			productType = "com.apple.product-type.app-extension";
		};
/* End PBXNativeTarget section */

/* Begin PBXProject section */
		987057222C97A5E700A30D8E /* Project object */ = {
			isa = PBXProject;
			attributes = {
				BuildIndependentTargetsInParallel = 1;
				LastSwiftUpdateCheck = 1600;
				LastUpgradeCheck = 1600;
				TargetAttributes = {
					985137642C9C1F870061BA7E = {
						CreatedOnToolsVersion = 16.0;
					};
					987057292C97A5E700A30D8E = {
						CreatedOnToolsVersion = 16.0;
					};
					987057AB2C97C6EB00A30D8E = {
						CreatedOnToolsVersion = 16.0;
					};
					987058392C996C5E00A30D8E = {
						CreatedOnToolsVersion = 16.0;
					};
				};
			};
			buildConfigurationList = 987057252C97A5E700A30D8E /* Build configuration list for PBXProject "WidgetDemo" */;
			developmentRegion = en;
			hasScannedForEncodings = 0;
			knownRegions = (
				en,
				Base,
			);
			mainGroup = 987057212C97A5E700A30D8E;
			minimizedProjectReferenceProxies = 1;
			preferredProjectObjectVersion = 77;
			productRefGroup = 9870572B2C97A5E700A30D8E /* Products */;
			projectDirPath = "";
			projectRoot = "";
			targets = (
				987057292C97A5E700A30D8E /* WidgetDemo */,
				987057AB2C97C6EB00A30D8E /* SFStaticWidgetExtension */,
				987058392C996C5E00A30D8E /* DeepLinkWidgetExtension */,
				985137642C9C1F870061BA7E /* InteractiveWidgetExtension */,
			);
		};
/* End PBXProject section */

/* Begin PBXResourcesBuildPhase section */
		985137632C9C1F870061BA7E /* Resources */ = {
			isa = PBXResourcesBuildPhase;
			buildActionMask = 2147483647;
			files = (
			);
			runOnlyForDeploymentPostprocessing = 0;
		};
		987057282C97A5E700A30D8E /* Resources */ = {
			isa = PBXResourcesBuildPhase;
			buildActionMask = 2147483647;
			files = (
				987057FB2C98157800A30D8E /* .gitignore in Resources */,
				987057FD2C98158100A30D8E /* README.md in Resources */,
			);
			runOnlyForDeploymentPostprocessing = 0;
		};
		987057AA2C97C6EB00A30D8E /* Resources */ = {
			isa = PBXResourcesBuildPhase;
			buildActionMask = 2147483647;
			files = (
				987057FE2C98158100A30D8E /* README.md in Resources */,
				987057FA2C98157800A30D8E /* .gitignore in Resources */,
			);
			runOnlyForDeploymentPostprocessing = 0;
		};
		987058382C996C5E00A30D8E /* Resources */ = {
			isa = PBXResourcesBuildPhase;
			buildActionMask = 2147483647;
			files = (
			);
			runOnlyForDeploymentPostprocessing = 0;
		};
/* End PBXResourcesBuildPhase section */

/* Begin PBXSourcesBuildPhase section */
		985137612C9C1F870061BA7E /* Sources */ = {
			isa = PBXSourcesBuildPhase;
			buildActionMask = 2147483647;
			files = (
			);
			runOnlyForDeploymentPostprocessing = 0;
		};
		987057262C97A5E700A30D8E /* Sources */ = {
			isa = PBXSourcesBuildPhase;
			buildActionMask = 2147483647;
			files = (
			);
			runOnlyForDeploymentPostprocessing = 0;
		};
		987057A82C97C6EB00A30D8E /* Sources */ = {
			isa = PBXSourcesBuildPhase;
			buildActionMask = 2147483647;
			files = (
			);
			runOnlyForDeploymentPostprocessing = 0;
		};
		987058362C996C5E00A30D8E /* Sources */ = {
			isa = PBXSourcesBuildPhase;
			buildActionMask = 2147483647;
			files = (
			);
			runOnlyForDeploymentPostprocessing = 0;
		};
/* End PBXSourcesBuildPhase section */

/* Begin PBXTargetDependency section */
		985137752C9C1F880061BA7E /* PBXTargetDependency */ = {
			isa = PBXTargetDependency;
			target = 985137642C9C1F870061BA7E /* InteractiveWidgetExtension */;
			targetProxy = 985137742C9C1F880061BA7E /* PBXContainerItemProxy */;
		};
		987057BA2C97C6EC00A30D8E /* PBXTargetDependency */ = {
			isa = PBXTargetDependency;
			target = 987057AB2C97C6EB00A30D8E /* SFStaticWidgetExtension */;
			targetProxy = 987057B92C97C6EC00A30D8E /* PBXContainerItemProxy */;
		};
		987058462C996C6000A30D8E /* PBXTargetDependency */ = {
			isa = PBXTargetDependency;
			target = 987058392C996C5E00A30D8E /* DeepLinkWidgetExtension */;
			targetProxy = 987058452C996C6000A30D8E /* PBXContainerItemProxy */;
		};
/* End PBXTargetDependency section */

/* Begin XCBuildConfiguration section */
		985137792C9C1F880061BA7E /* Debug */ = {
			isa = XCBuildConfiguration;
			buildSettings = {
				ASSETCATALOG_COMPILER_GLOBAL_ACCENT_COLOR_NAME = AccentColor;
				ASSETCATALOG_COMPILER_WIDGET_BACKGROUND_COLOR_NAME = WidgetBackground;
				CODE_SIGN_ENTITLEMENTS = InteractiveWidgetExtension.entitlements;
				CODE_SIGN_STYLE = Automatic;
				CURRENT_PROJECT_VERSION = 1;
				DEVELOPMENT_TEAM = NLTYK5T6U3;
				GENERATE_INFOPLIST_FILE = YES;
				INFOPLIST_FILE = InteractiveWidget/Info.plist;
				INFOPLIST_KEY_CFBundleDisplayName = InteractiveWidget;
				INFOPLIST_KEY_NSHumanReadableCopyright = "";
				LD_RUNPATH_SEARCH_PATHS = (
					"$(inherited)",
					"@executable_path/Frameworks",
					"@executable_path/../../Frameworks",
				);
				MARKETING_VERSION = 1.0;
				PRODUCT_BUNDLE_IDENTIFIER = itsuki.enjoy.WidgetDemo.InteractiveWidget;
				PRODUCT_NAME = "$(TARGET_NAME)";
				SKIP_INSTALL = YES;
				SWIFT_EMIT_LOC_STRINGS = YES;
				SWIFT_VERSION = 5.0;
				TARGETED_DEVICE_FAMILY = "1,2";
			};
			name = Debug;
		};
		9851377A2C9C1F880061BA7E /* Release */ = {
			isa = XCBuildConfiguration;
			buildSettings = {
				ASSETCATALOG_COMPILER_GLOBAL_ACCENT_COLOR_NAME = AccentColor;
				ASSETCATALOG_COMPILER_WIDGET_BACKGROUND_COLOR_NAME = WidgetBackground;
				CODE_SIGN_ENTITLEMENTS = InteractiveWidgetExtension.entitlements;
				CODE_SIGN_STYLE = Automatic;
				CURRENT_PROJECT_VERSION = 1;
				DEVELOPMENT_TEAM = NLTYK5T6U3;
				GENERATE_INFOPLIST_FILE = YES;
				INFOPLIST_FILE = InteractiveWidget/Info.plist;
				INFOPLIST_KEY_CFBundleDisplayName = InteractiveWidget;
				INFOPLIST_KEY_NSHumanReadableCopyright = "";
				LD_RUNPATH_SEARCH_PATHS = (
					"$(inherited)",
					"@executable_path/Frameworks",
					"@executable_path/../../Frameworks",
				);
				MARKETING_VERSION = 1.0;
				PRODUCT_BUNDLE_IDENTIFIER = itsuki.enjoy.WidgetDemo.InteractiveWidget;
				PRODUCT_NAME = "$(TARGET_NAME)";
				SKIP_INSTALL = YES;
				SWIFT_EMIT_LOC_STRINGS = YES;
				SWIFT_VERSION = 5.0;
				TARGETED_DEVICE_FAMILY = "1,2";
			};
			name = Release;
		};
		987057362C97A5E800A30D8E /* Debug */ = {
			isa = XCBuildConfiguration;
			buildSettings = {
				ALWAYS_SEARCH_USER_PATHS = NO;
				ASSETCATALOG_COMPILER_GENERATE_SWIFT_ASSET_SYMBOL_EXTENSIONS = YES;
				CLANG_ANALYZER_NONNULL = YES;
				CLANG_ANALYZER_NUMBER_OBJECT_CONVERSION = YES_AGGRESSIVE;
				CLANG_CXX_LANGUAGE_STANDARD = "gnu++20";
				CLANG_ENABLE_MODULES = YES;
				CLANG_ENABLE_OBJC_ARC = YES;
				CLANG_ENABLE_OBJC_WEAK = YES;
				CLANG_WARN_BLOCK_CAPTURE_AUTORELEASING = YES;
				CLANG_WARN_BOOL_CONVERSION = YES;
				CLANG_WARN_COMMA = YES;
				CLANG_WARN_CONSTANT_CONVERSION = YES;
				CLANG_WARN_DEPRECATED_OBJC_IMPLEMENTATIONS = YES;
				CLANG_WARN_DIRECT_OBJC_ISA_USAGE = YES_ERROR;
				CLANG_WARN_DOCUMENTATION_COMMENTS = YES;
				CLANG_WARN_EMPTY_BODY = YES;
				CLANG_WARN_ENUM_CONVERSION = YES;
				CLANG_WARN_INFINITE_RECURSION = YES;
				CLANG_WARN_INT_CONVERSION = YES;
				CLANG_WARN_NON_LITERAL_NULL_CONVERSION = YES;
				CLANG_WARN_OBJC_IMPLICIT_RETAIN_SELF = YES;
				CLANG_WARN_OBJC_LITERAL_CONVERSION = YES;
				CLANG_WARN_OBJC_ROOT_CLASS = YES_ERROR;
				CLANG_WARN_QUOTED_INCLUDE_IN_FRAMEWORK_HEADER = YES;
				CLANG_WARN_RANGE_LOOP_ANALYSIS = YES;
				CLANG_WARN_STRICT_PROTOTYPES = YES;
				CLANG_WARN_SUSPICIOUS_MOVE = YES;
				CLANG_WARN_UNGUARDED_AVAILABILITY = YES_AGGRESSIVE;
				CLANG_WARN_UNREACHABLE_CODE = YES;
				CLANG_WARN__DUPLICATE_METHOD_MATCH = YES;
				COPY_PHASE_STRIP = NO;
				DEBUG_INFORMATION_FORMAT = dwarf;
				ENABLE_STRICT_OBJC_MSGSEND = YES;
				ENABLE_TESTABILITY = YES;
				ENABLE_USER_SCRIPT_SANDBOXING = YES;
				GCC_C_LANGUAGE_STANDARD = gnu17;
				GCC_DYNAMIC_NO_PIC = NO;
				GCC_NO_COMMON_BLOCKS = YES;
				GCC_OPTIMIZATION_LEVEL = 0;
				GCC_PREPROCESSOR_DEFINITIONS = (
					"DEBUG=1",
					"$(inherited)",
				);
				GCC_WARN_64_TO_32_BIT_CONVERSION = YES;
				GCC_WARN_ABOUT_RETURN_TYPE = YES_ERROR;
				GCC_WARN_UNDECLARED_SELECTOR = YES;
				GCC_WARN_UNINITIALIZED_AUTOS = YES_AGGRESSIVE;
				GCC_WARN_UNUSED_FUNCTION = YES;
				GCC_WARN_UNUSED_VARIABLE = YES;
				IPHONEOS_DEPLOYMENT_TARGET = 18.0;
				LOCALIZATION_PREFERS_STRING_CATALOGS = YES;
				MTL_ENABLE_DEBUG_INFO = INCLUDE_SOURCE;
				MTL_FAST_MATH = YES;
				ONLY_ACTIVE_ARCH = YES;
				SDKROOT = iphoneos;
				SWIFT_ACTIVE_COMPILATION_CONDITIONS = "DEBUG $(inherited)";
				SWIFT_OPTIMIZATION_LEVEL = "-Onone";
			};
			name = Debug;
		};
		987057372C97A5E800A30D8E /* Release */ = {
			isa = XCBuildConfiguration;
			buildSettings = {
				ALWAYS_SEARCH_USER_PATHS = NO;
				ASSETCATALOG_COMPILER_GENERATE_SWIFT_ASSET_SYMBOL_EXTENSIONS = YES;
				CLANG_ANALYZER_NONNULL = YES;
				CLANG_ANALYZER_NUMBER_OBJECT_CONVERSION = YES_AGGRESSIVE;
				CLANG_CXX_LANGUAGE_STANDARD = "gnu++20";
				CLANG_ENABLE_MODULES = YES;
				CLANG_ENABLE_OBJC_ARC = YES;
				CLANG_ENABLE_OBJC_WEAK = YES;
				CLANG_WARN_BLOCK_CAPTURE_AUTORELEASING = YES;
				CLANG_WARN_BOOL_CONVERSION = YES;
				CLANG_WARN_COMMA = YES;
				CLANG_WARN_CONSTANT_CONVERSION = YES;
				CLANG_WARN_DEPRECATED_OBJC_IMPLEMENTATIONS = YES;
				CLANG_WARN_DIRECT_OBJC_ISA_USAGE = YES_ERROR;
				CLANG_WARN_DOCUMENTATION_COMMENTS = YES;
				CLANG_WARN_EMPTY_BODY = YES;
				CLANG_WARN_ENUM_CONVERSION = YES;
				CLANG_WARN_INFINITE_RECURSION = YES;
				CLANG_WARN_INT_CONVERSION = YES;
				CLANG_WARN_NON_LITERAL_NULL_CONVERSION = YES;
				CLANG_WARN_OBJC_IMPLICIT_RETAIN_SELF = YES;
				CLANG_WARN_OBJC_LITERAL_CONVERSION = YES;
				CLANG_WARN_OBJC_ROOT_CLASS = YES_ERROR;
				CLANG_WARN_QUOTED_INCLUDE_IN_FRAMEWORK_HEADER = YES;
				CLANG_WARN_RANGE_LOOP_ANALYSIS = YES;
				CLANG_WARN_STRICT_PROTOTYPES = YES;
				CLANG_WARN_SUSPICIOUS_MOVE = YES;
				CLANG_WARN_UNGUARDED_AVAILABILITY = YES_AGGRESSIVE;
				CLANG_WARN_UNREACHABLE_CODE = YES;
				CLANG_WARN__DUPLICATE_METHOD_MATCH = YES;
				COPY_PHASE_STRIP = NO;
				DEBUG_INFORMATION_FORMAT = "dwarf-with-dsym";
				ENABLE_NS_ASSERTIONS = NO;
				ENABLE_STRICT_OBJC_MSGSEND = YES;
				ENABLE_USER_SCRIPT_SANDBOXING = YES;
				GCC_C_LANGUAGE_STANDARD = gnu17;
				GCC_NO_COMMON_BLOCKS = YES;
				GCC_WARN_64_TO_32_BIT_CONVERSION = YES;
				GCC_WARN_ABOUT_RETURN_TYPE = YES_ERROR;
				GCC_WARN_UNDECLARED_SELECTOR = YES;
				GCC_WARN_UNINITIALIZED_AUTOS = YES_AGGRESSIVE;
				GCC_WARN_UNUSED_FUNCTION = YES;
				GCC_WARN_UNUSED_VARIABLE = YES;
				IPHONEOS_DEPLOYMENT_TARGET = 18.0;
				LOCALIZATION_PREFERS_STRING_CATALOGS = YES;
				MTL_ENABLE_DEBUG_INFO = NO;
				MTL_FAST_MATH = YES;
				SDKROOT = iphoneos;
				SWIFT_COMPILATION_MODE = wholemodule;
				VALIDATE_PRODUCT = YES;
			};
			name = Release;
		};
		987057392C97A5E800A30D8E /* Debug */ = {
			isa = XCBuildConfiguration;
			buildSettings = {
				ASSETCATALOG_COMPILER_APPICON_NAME = AppIcon;
				ASSETCATALOG_COMPILER_GLOBAL_ACCENT_COLOR_NAME = AccentColor;
				CODE_SIGN_ENTITLEMENTS = WidgetDemo/WidgetDemo.entitlements;
				CODE_SIGN_STYLE = Automatic;
				CURRENT_PROJECT_VERSION = 1;
				DEVELOPMENT_ASSET_PATHS = "\"WidgetDemo/Preview Content\"";
				DEVELOPMENT_TEAM = NLTYK5T6U3;
				ENABLE_PREVIEWS = YES;
				GENERATE_INFOPLIST_FILE = YES;
				INFOPLIST_KEY_UIApplicationSceneManifest_Generation = YES;
				INFOPLIST_KEY_UIApplicationSupportsIndirectInputEvents = YES;
				INFOPLIST_KEY_UILaunchScreen_Generation = YES;
				INFOPLIST_KEY_UISupportedInterfaceOrientations_iPad = "UIInterfaceOrientationPortrait UIInterfaceOrientationPortraitUpsideDown UIInterfaceOrientationLandscapeLeft UIInterfaceOrientationLandscapeRight";
				INFOPLIST_KEY_UISupportedInterfaceOrientations_iPhone = "UIInterfaceOrientationPortrait UIInterfaceOrientationLandscapeLeft UIInterfaceOrientationLandscapeRight";
				LD_RUNPATH_SEARCH_PATHS = (
					"$(inherited)",
					"@executable_path/Frameworks",
				);
				MARKETING_VERSION = 1.0;
				PRODUCT_BUNDLE_IDENTIFIER = itsuki.enjoy.WidgetDemo;
				PRODUCT_NAME = "$(TARGET_NAME)";
				SWIFT_EMIT_LOC_STRINGS = YES;
				SWIFT_VERSION = 5.0;
				TARGETED_DEVICE_FAMILY = "1,2";
			};
			name = Debug;
		};
		9870573A2C97A5E800A30D8E /* Release */ = {
			isa = XCBuildConfiguration;
			buildSettings = {
				ASSETCATALOG_COMPILER_APPICON_NAME = AppIcon;
				ASSETCATALOG_COMPILER_GLOBAL_ACCENT_COLOR_NAME = AccentColor;
				CODE_SIGN_ENTITLEMENTS = WidgetDemo/WidgetDemo.entitlements;
				CODE_SIGN_STYLE = Automatic;
				CURRENT_PROJECT_VERSION = 1;
				DEVELOPMENT_ASSET_PATHS = "\"WidgetDemo/Preview Content\"";
				DEVELOPMENT_TEAM = NLTYK5T6U3;
				ENABLE_PREVIEWS = YES;
				GENERATE_INFOPLIST_FILE = YES;
				INFOPLIST_KEY_UIApplicationSceneManifest_Generation = YES;
				INFOPLIST_KEY_UIApplicationSupportsIndirectInputEvents = YES;
				INFOPLIST_KEY_UILaunchScreen_Generation = YES;
				INFOPLIST_KEY_UISupportedInterfaceOrientations_iPad = "UIInterfaceOrientationPortrait UIInterfaceOrientationPortraitUpsideDown UIInterfaceOrientationLandscapeLeft UIInterfaceOrientationLandscapeRight";
				INFOPLIST_KEY_UISupportedInterfaceOrientations_iPhone = "UIInterfaceOrientationPortrait UIInterfaceOrientationLandscapeLeft UIInterfaceOrientationLandscapeRight";
				LD_RUNPATH_SEARCH_PATHS = (
					"$(inherited)",
					"@executable_path/Frameworks",
				);
				MARKETING_VERSION = 1.0;
				PRODUCT_BUNDLE_IDENTIFIER = itsuki.enjoy.WidgetDemo;
				PRODUCT_NAME = "$(TARGET_NAME)";
				SWIFT_EMIT_LOC_STRINGS = YES;
				SWIFT_VERSION = 5.0;
				TARGETED_DEVICE_FAMILY = "1,2";
			};
			name = Release;
		};
		987057BE2C97C6EC00A30D8E /* Debug */ = {
			isa = XCBuildConfiguration;
			buildSettings = {
				ASSETCATALOG_COMPILER_GLOBAL_ACCENT_COLOR_NAME = AccentColor;
				ASSETCATALOG_COMPILER_WIDGET_BACKGROUND_COLOR_NAME = WidgetBackground;
				CODE_SIGN_ENTITLEMENTS = SFStaticWidgetExtension.entitlements;
				CODE_SIGN_STYLE = Automatic;
				CURRENT_PROJECT_VERSION = 1;
				DEVELOPMENT_TEAM = NLTYK5T6U3;
				GENERATE_INFOPLIST_FILE = YES;
				INFOPLIST_FILE = SFStaticWidget/Info.plist;
				INFOPLIST_KEY_CFBundleDisplayName = SFStaticWidget;
				INFOPLIST_KEY_NSHumanReadableCopyright = "";
				LD_RUNPATH_SEARCH_PATHS = (
					"$(inherited)",
					"@executable_path/Frameworks",
					"@executable_path/../../Frameworks",
				);
				MARKETING_VERSION = 1.0;
				PRODUCT_BUNDLE_IDENTIFIER = itsuki.enjoy.WidgetDemo.SFStaticWidget;
				PRODUCT_NAME = "$(TARGET_NAME)";
				SKIP_INSTALL = YES;
				SWIFT_EMIT_LOC_STRINGS = YES;
				SWIFT_VERSION = 5.0;
				TARGETED_DEVICE_FAMILY = "1,2";
			};
			name = Debug;
		};
		987057BF2C97C6EC00A30D8E /* Release */ = {
			isa = XCBuildConfiguration;
			buildSettings = {
				ASSETCATALOG_COMPILER_GLOBAL_ACCENT_COLOR_NAME = AccentColor;
				ASSETCATALOG_COMPILER_WIDGET_BACKGROUND_COLOR_NAME = WidgetBackground;
				CODE_SIGN_ENTITLEMENTS = SFStaticWidgetExtension.entitlements;
				CODE_SIGN_STYLE = Automatic;
				CURRENT_PROJECT_VERSION = 1;
				DEVELOPMENT_TEAM = NLTYK5T6U3;
				GENERATE_INFOPLIST_FILE = YES;
				INFOPLIST_FILE = SFStaticWidget/Info.plist;
				INFOPLIST_KEY_CFBundleDisplayName = SFStaticWidget;
				INFOPLIST_KEY_NSHumanReadableCopyright = "";
				LD_RUNPATH_SEARCH_PATHS = (
					"$(inherited)",
					"@executable_path/Frameworks",
					"@executable_path/../../Frameworks",
				);
				MARKETING_VERSION = 1.0;
				PRODUCT_BUNDLE_IDENTIFIER = itsuki.enjoy.WidgetDemo.SFStaticWidget;
				PRODUCT_NAME = "$(TARGET_NAME)";
				SKIP_INSTALL = YES;
				SWIFT_EMIT_LOC_STRINGS = YES;
				SWIFT_VERSION = 5.0;
				TARGETED_DEVICE_FAMILY = "1,2";
			};
			name = Release;
		};
		987058482C996C6000A30D8E /* Debug */ = {
			isa = XCBuildConfiguration;
			buildSettings = {
				ASSETCATALOG_COMPILER_GLOBAL_ACCENT_COLOR_NAME = AccentColor;
				ASSETCATALOG_COMPILER_WIDGET_BACKGROUND_COLOR_NAME = WidgetBackground;
				CODE_SIGN_ENTITLEMENTS = DeepLinkWidgetExtension.entitlements;
				CODE_SIGN_STYLE = Automatic;
				CURRENT_PROJECT_VERSION = 1;
				DEVELOPMENT_TEAM = NLTYK5T6U3;
				GENERATE_INFOPLIST_FILE = YES;
				INFOPLIST_FILE = DeepLinkWidget/Info.plist;
				INFOPLIST_KEY_CFBundleDisplayName = DeepLinkWidget;
				INFOPLIST_KEY_NSHumanReadableCopyright = "";
				LD_RUNPATH_SEARCH_PATHS = (
					"$(inherited)",
					"@executable_path/Frameworks",
					"@executable_path/../../Frameworks",
				);
				MARKETING_VERSION = 1.0;
				PRODUCT_BUNDLE_IDENTIFIER = itsuki.enjoy.WidgetDemo.DeepLinkWidget;
				PRODUCT_NAME = "$(TARGET_NAME)";
				SKIP_INSTALL = YES;
				SWIFT_EMIT_LOC_STRINGS = YES;
				SWIFT_VERSION = 5.0;
				TARGETED_DEVICE_FAMILY = "1,2";
			};
			name = Debug;
		};
		987058492C996C6000A30D8E /* Release */ = {
			isa = XCBuildConfiguration;
			buildSettings = {
				ASSETCATALOG_COMPILER_GLOBAL_ACCENT_COLOR_NAME = AccentColor;
				ASSETCATALOG_COMPILER_WIDGET_BACKGROUND_COLOR_NAME = WidgetBackground;
				CODE_SIGN_ENTITLEMENTS = DeepLinkWidgetExtension.entitlements;
				CODE_SIGN_STYLE = Automatic;
				CURRENT_PROJECT_VERSION = 1;
				DEVELOPMENT_TEAM = NLTYK5T6U3;
				GENERATE_INFOPLIST_FILE = YES;
				INFOPLIST_FILE = DeepLinkWidget/Info.plist;
				INFOPLIST_KEY_CFBundleDisplayName = DeepLinkWidget;
				INFOPLIST_KEY_NSHumanReadableCopyright = "";
				LD_RUNPATH_SEARCH_PATHS = (
					"$(inherited)",
					"@executable_path/Frameworks",
					"@executable_path/../../Frameworks",
				);
				MARKETING_VERSION = 1.0;
				PRODUCT_BUNDLE_IDENTIFIER = itsuki.enjoy.WidgetDemo.DeepLinkWidget;
				PRODUCT_NAME = "$(TARGET_NAME)";
				SKIP_INSTALL = YES;
				SWIFT_EMIT_LOC_STRINGS = YES;
				SWIFT_VERSION = 5.0;
				TARGETED_DEVICE_FAMILY = "1,2";
			};
			name = Release;
		};
/* End XCBuildConfiguration section */

/* Begin XCConfigurationList section */
		985137782C9C1F880061BA7E /* Build configuration list for PBXNativeTarget "InteractiveWidgetExtension" */ = {
			isa = XCConfigurationList;
			buildConfigurations = (
				985137792C9C1F880061BA7E /* Debug */,
				9851377A2C9C1F880061BA7E /* Release */,
			);
			defaultConfigurationIsVisible = 0;
			defaultConfigurationName = Release;
		};
		987057252C97A5E700A30D8E /* Build configuration list for PBXProject "WidgetDemo" */ = {
			isa = XCConfigurationList;
			buildConfigurations = (
				987057362C97A5E800A30D8E /* Debug */,
				987057372C97A5E800A30D8E /* Release */,
			);
			defaultConfigurationIsVisible = 0;
			defaultConfigurationName = Release;
		};
		987057382C97A5E800A30D8E /* Build configuration list for PBXNativeTarget "WidgetDemo" */ = {
			isa = XCConfigurationList;
			buildConfigurations = (
				987057392C97A5E800A30D8E /* Debug */,
				9870573A2C97A5E800A30D8E /* Release */,
			);
			defaultConfigurationIsVisible = 0;
			defaultConfigurationName = Release;
		};
		987057BD2C97C6EC00A30D8E /* Build configuration list for PBXNativeTarget "SFStaticWidgetExtension" */ = {
			isa = XCConfigurationList;
			buildConfigurations = (
				987057BE2C97C6EC00A30D8E /* Debug */,
				987057BF2C97C6EC00A30D8E /* Release */,
			);
			defaultConfigurationIsVisible = 0;
			defaultConfigurationName = Release;
		};
		9870584B2C996C6000A30D8E /* Build configuration list for PBXNativeTarget "DeepLinkWidgetExtension" */ = {
			isa = XCConfigurationList;
			buildConfigurations = (
				987058482C996C6000A30D8E /* Debug */,
				987058492C996C6000A30D8E /* Release */,
			);
			defaultConfigurationIsVisible = 0;
			defaultConfigurationName = Release;
		};
/* End XCConfigurationList section */
	};
	rootObject = 987057222C97A5E700A30D8E /* Project object */;
}
